
Microsoft Visual Studio Solution File, Format Version 12.00
# Visual Studio Version 16
VisualStudioVersion = 16.0.29709.97
MinimumVisualStudioVersion = 10.0.40219.1
Project("{FAE04EC0-301F-11D3-BF4B-00C04F79EFBC}") = "Dictionarye-SortedDictionary", "Dictionarye-SortedDictionary.csproj", "{90E49FAF-D53C-4273-8CEB-B80B5C4A39F7}"
EndProject
Global
	GlobalSection(SolutionConfigurationPlatforms) = preSolution
		Debug|Any CPU = Debug|Any CPU
		Release|Any CPU = Release|Any CPU
	EndGlobalSection
	GlobalSection(ProjectConfigurationPlatforms) = postSolution
		{90E49FAF-D53C-4273-8CEB-B80B5C4A39F7}.Debug|Any CPU.ActiveCfg = Debug|Any CPU
		{90E49FAF-D53C-4273-8CEB-B80B5C4A39F7}.Debug|Any CPU.Build.0 = Debug|Any CPU
		{90E49FAF-D53C-4273-8CEB-B80B5C4A39F7}.Release|Any CPU.ActiveCfg = Release|Any CPU
		{90E49FAF-D53C-4273-8CEB-B80B5C4A39F7}.Release|Any CPU.Build.0 = Release|Any CPU
	EndGlobalSection
	GlobalSection(SolutionProperties) = preSolution
		HideSolutionNode = FALSE
	EndGlobalSection
	GlobalSection(ExtensibilityGlobals) = postSolution
		SolutionGuid = {A209CF8A-04FB-4386-A298-72196D6F70A0}
	EndGlobalSection
EndGlobal
